// !$*UTF8*$!
{
	archiveVersion = 1;
	classes = {
	};
	objectVersion = 50;
	objects = {

/* Begin PBXBuildFile section */
		FB1896BA21E4F3CD00847B33 /* AlgorithmViewController.swift in Sources */ = {isa = PBXBuildFile; fileRef = FB1896B921E4F3CD00847B33 /* AlgorithmViewController.swift */; };
		FB1896BD21E4F3E300847B33 /* DrawingViewController.swift in Sources */ = {isa = PBXBuildFile; fileRef = FB1896BB21E4F3E300847B33 /* DrawingViewController.swift */; };
		FB1896BE21E4F3E300847B33 /* ArtCollectionViewController.swift in Sources */ = {isa = PBXBuildFile; fileRef = FB1896BC21E4F3E300847B33 /* ArtCollectionViewController.swift */; };
		FB1896C221E4F40900847B33 /* AbstractionViewController.swift in Sources */ = {isa = PBXBuildFile; fileRef = FB1896C121E4F40900847B33 /* AbstractionViewController.swift */; };
		FB1896C421E4F50C00847B33 /* DrawingView.swift in Sources */ = {isa = PBXBuildFile; fileRef = FB1896C321E4F50C00847B33 /* DrawingView.swift */; };
		FB1896C621E4FA1700847B33 /* ArtCell.swift in Sources */ = {isa = PBXBuildFile; fileRef = FB1896C521E4FA1700847B33 /* ArtCell.swift */; };
		FB5B406421E8EE7E00034271 /* DataViewController.swift in Sources */ = {isa = PBXBuildFile; fileRef = FB5B406321E8EE7E00034271 /* DataViewController.swift */; };
		FB5B406621E8EF4600034271 /* BucketItem.swift in Sources */ = {isa = PBXBuildFile; fileRef = FB5B406521E8EF4600034271 /* BucketItem.swift */; };
		FB5B406821E8EFAF00034271 /* BucketItemCell.swift in Sources */ = {isa = PBXBuildFile; fileRef = FB5B406721E8EFAF00034271 /* BucketItemCell.swift */; };
		FB5B406A21E8EFCF00034271 /* bucket18.csv in Resources */ = {isa = PBXBuildFile; fileRef = FB5B406921E8EFCF00034271 /* bucket18.csv */; };
		FB74A5F421E7A5C900644CB6 /* ImpactViewController.swift in Sources */ = {isa = PBXBuildFile; fileRef = FB74A5F321E7A5C900644CB6 /* ImpactViewController.swift */; };
		FBACBDF121DFC20F001F25FC /* AppDelegate.swift in Sources */ = {isa = PBXBuildFile; fileRef = FBACBDF021DFC20F001F25FC /* AppDelegate.swift */; };
		FBACBDF621DFC20F001F25FC /* Main.storyboard in Resources */ = {isa = PBXBuildFile; fileRef = FBACBDF421DFC20F001F25FC /* Main.storyboard */; };
		FBACBDF821DFC235001F25FC /* Assets.xcassets in Resources */ = {isa = PBXBuildFile; fileRef = FBACBDF721DFC235001F25FC /* Assets.xcassets */; };
		FBACBDFB21DFC235001F25FC /* LaunchScreen.storyboard in Resources */ = {isa = PBXBuildFile; fileRef = FBACBDF921DFC235001F25FC /* LaunchScreen.storyboard */; };
/* End PBXBuildFile section */

/* Begin PBXFileReference section */
		FB1896B921E4F3CD00847B33 /* AlgorithmViewController.swift */ = {isa = PBXFileReference; fileEncoding = 4; lastKnownFileType = sourcecode.swift; path = AlgorithmViewController.swift; sourceTree = "<group>"; };
		FB1896BB21E4F3E300847B33 /* DrawingViewController.swift */ = {isa = PBXFileReference; fileEncoding = 4; lastKnownFileType = sourcecode.swift; name = DrawingViewController.swift; path = ../../../../CreativityProject/CreativityProject/Controller/DrawingViewController.swift; sourceTree = "<group>"; };
		FB1896BC21E4F3E300847B33 /* ArtCollectionViewController.swift */ = {isa = PBXFileReference; fileEncoding = 4; lastKnownFileType = sourcecode.swift; name = ArtCollectionViewController.swift; path = ../../../../CreativityProject/CreativityProject/Controller/ArtCollectionViewController.swift; sourceTree = "<group>"; };
		FB1896C121E4F40900847B33 /* AbstractionViewController.swift */ = {isa = PBXFileReference; fileEncoding = 4; lastKnownFileType = sourcecode.swift; name = AbstractionViewController.swift; path = ../../../../abstractionApp/abstractionApp/Controller/AbstractionViewController.swift; sourceTree = "<group>"; };
		FB1896C321E4F50C00847B33 /* DrawingView.swift */ = {isa = PBXFileReference; fileEncoding = 4; lastKnownFileType = sourcecode.swift; path = DrawingView.swift; sourceTree = "<group>"; };
		FB1896C521E4FA1700847B33 /* ArtCell.swift */ = {isa = PBXFileReference; fileEncoding = 4; lastKnownFileType = sourcecode.swift; path = ArtCell.swift; sourceTree = "<group>"; };
		FB5B406321E8EE7E00034271 /* DataViewController.swift */ = {isa = PBXFileReference; lastKnownFileType = sourcecode.swift; path = DataViewController.swift; sourceTree = "<group>"; };
		FB5B406521E8EF4600034271 /* BucketItem.swift */ = {isa = PBXFileReference; lastKnownFileType = sourcecode.swift; path = BucketItem.swift; sourceTree = "<group>"; };
		FB5B406721E8EFAF00034271 /* BucketItemCell.swift */ = {isa = PBXFileReference; lastKnownFileType = sourcecode.swift; path = BucketItemCell.swift; sourceTree = "<group>"; };
		FB5B406921E8EFCF00034271 /* bucket18.csv */ = {isa = PBXFileReference; fileEncoding = 4; lastKnownFileType = text; path = bucket18.csv; sourceTree = "<group>"; };
		FB74A5F321E7A5C900644CB6 /* ImpactViewController.swift */ = {isa = PBXFileReference; fileEncoding = 4; lastKnownFileType = sourcecode.swift; path = ImpactViewController.swift; sourceTree = "<group>"; };
		FBACBDED21DFC20E001F25FC /* MegaCSP.app */ = {isa = PBXFileReference; explicitFileType = wrapper.application; includeInIndex = 0; path = MegaCSP.app; sourceTree = BUILT_PRODUCTS_DIR; };
		FBACBDF021DFC20F001F25FC /* AppDelegate.swift */ = {isa = PBXFileReference; lastKnownFileType = sourcecode.swift; path = AppDelegate.swift; sourceTree = "<group>"; };
		FBACBDF521DFC20F001F25FC /* Base */ = {isa = PBXFileReference; lastKnownFileType = file.storyboard; name = Base; path = Base.lproj/Main.storyboard; sourceTree = "<group>"; };
		FBACBDF721DFC235001F25FC /* Assets.xcassets */ = {isa = PBXFileReference; lastKnownFileType = folder.assetcatalog; path = Assets.xcassets; sourceTree = "<group>"; };
		FBACBDFA21DFC235001F25FC /* Base */ = {isa = PBXFileReference; lastKnownFileType = file.storyboard; name = Base; path = Base.lproj/LaunchScreen.storyboard; sourceTree = "<group>"; };
		FBACBDFC21DFC235001F25FC /* Info.plist */ = {isa = PBXFileReference; lastKnownFileType = text.plist.xml; path = Info.plist; sourceTree = "<group>"; };
/* End PBXFileReference section */

/* Begin PBXFrameworksBuildPhase section */
		FBACBDEA21DFC20E001F25FC /* Frameworks */ = {
			isa = PBXFrameworksBuildPhase;
			buildActionMask = 2147483647;
			files = (
			);
			runOnlyForDeploymentPostprocessing = 0;
		};
/* End PBXFrameworksBuildPhase section */

/* Begin PBXGroup section */
		FB74A5F521E7A6A700644CB6 /* Impact */ = {
			isa = PBXGroup;
			children = (
				FB74A5F321E7A5C900644CB6 /* ImpactViewController.swift */,
			);
			path = Impact;
			sourceTree = "<group>";
		};
		FBACBDE421DFC20D001F25FC = {
			isa = PBXGroup;
			children = (
				FBACBDEF21DFC20E001F25FC /* MegaCSP */,
				FBACBDEE21DFC20E001F25FC /* Products */,
			);
			sourceTree = "<group>";
		};
		FBACBDEE21DFC20E001F25FC /* Products */ = {
			isa = PBXGroup;
			children = (
				FBACBDED21DFC20E001F25FC /* MegaCSP.app */,
			);
			name = Products;
			sourceTree = "<group>";
		};
		FBACBDEF21DFC20E001F25FC /* MegaCSP */ = {
			isa = PBXGroup;
			children = (
				FBACBE0221DFC283001F25FC /* Resources */,
				FBACBE0321DFC295001F25FC /* Controller */,
				FBACBE0821DFC2E7001F25FC /* View */,
			);
			path = MegaCSP;
			sourceTree = "<group>";
		};
		FBACBE0221DFC283001F25FC /* Resources */ = {
			isa = PBXGroup;
			children = (
				FBACBDF021DFC20F001F25FC /* AppDelegate.swift */,
				FBACBDF721DFC235001F25FC /* Assets.xcassets */,
				FBACBDFC21DFC235001F25FC /* Info.plist */,
				FB5B406921E8EFCF00034271 /* bucket18.csv */,
			);
			path = Resources;
			sourceTree = "<group>";
		};
		FBACBE0321DFC295001F25FC /* Controller */ = {
			isa = PBXGroup;
			children = (
				FB74A5F521E7A6A700644CB6 /* Impact */,
				FBACBE0721DFC2D5001F25FC /* Data */,
				FBACBE0621DFC2CB001F25FC /* Creativity */,
				FBACBE0521DFC2B2001F25FC /* Algorithm */,
				FBACBE0421DFC2A9001F25FC /* Abstraction */,
			);
			path = Controller;
			sourceTree = "<group>";
		};
		FBACBE0421DFC2A9001F25FC /* Abstraction */ = {
			isa = PBXGroup;
			children = (
				FB1896C121E4F40900847B33 /* AbstractionViewController.swift */,
			);
			path = Abstraction;
			sourceTree = "<group>";
		};
		FBACBE0521DFC2B2001F25FC /* Algorithm */ = {
			isa = PBXGroup;
			children = (
				FB1896B921E4F3CD00847B33 /* AlgorithmViewController.swift */,
			);
			path = Algorithm;
			sourceTree = "<group>";
		};
		FBACBE0621DFC2CB001F25FC /* Creativity */ = {
			isa = PBXGroup;
			children = (
				FB1896BC21E4F3E300847B33 /* ArtCollectionViewController.swift */,
				FB1896BB21E4F3E300847B33 /* DrawingViewController.swift */,
			);
			path = Creativity;
			sourceTree = "<group>";
		};
		FBACBE0721DFC2D5001F25FC /* Data */ = {
			isa = PBXGroup;
			children = (
				FB5B406521E8EF4600034271 /* BucketItem.swift */,
				FB5B406721E8EFAF00034271 /* BucketItemCell.swift */,
				FB5B406321E8EE7E00034271 /* DataViewController.swift */,
			);
			path = Data;
			sourceTree = "<group>";
		};
		FBACBE0821DFC2E7001F25FC /* View */ = {
			isa = PBXGroup;
			children = (
				FBACBDF421DFC20F001F25FC /* Main.storyboard */,
				FBACBDF921DFC235001F25FC /* LaunchScreen.storyboard */,
				FB1896C521E4FA1700847B33 /* ArtCell.swift */,
				FB1896C321E4F50C00847B33 /* DrawingView.swift */,
			);
			path = View;
			sourceTree = "<group>";
		};
/* End PBXGroup section */

/* Begin PBXNativeTarget section */
		FBACBDEC21DFC20E001F25FC /* MegaCSP */ = {
			isa = PBXNativeTarget;
			buildConfigurationList = FBACBDFF21DFC235001F25FC /* Build configuration list for PBXNativeTarget "MegaCSP" */;
			buildPhases = (
				FBACBDE921DFC20E001F25FC /* Sources */,
				FBACBDEA21DFC20E001F25FC /* Frameworks */,
				FBACBDEB21DFC20E001F25FC /* Resources */,
			);
			buildRules = (
			);
			dependencies = (
			);
			name = MegaCSP;
			productName = MegaCSP;
			productReference = FBACBDED21DFC20E001F25FC /* MegaCSP.app */;
			productType = "com.apple.product-type.application";
		};
/* End PBXNativeTarget section */

/* Begin PBXProject section */
		FBACBDE521DFC20D001F25FC /* Project object */ = {
			isa = PBXProject;
			attributes = {
				LastSwiftUpdateCheck = 1000;
				LastUpgradeCheck = 1000;
				ORGANIZATIONNAME = "Judkins, Jensen";
				TargetAttributes = {
					FBACBDEC21DFC20E001F25FC = {
						CreatedOnToolsVersion = 10.0;
					};
				};
			};
			buildConfigurationList = FBACBDE821DFC20D001F25FC /* Build configuration list for PBXProject "MegaCSP" */;
			compatibilityVersion = "Xcode 9.3";
			developmentRegion = en;
			hasScannedForEncodings = 0;
			knownRegions = (
				en,
				Base,
			);
			mainGroup = FBACBDE421DFC20D001F25FC;
			productRefGroup = FBACBDEE21DFC20E001F25FC /* Products */;
			projectDirPath = "";
			projectRoot = "";
			targets = (
				FBACBDEC21DFC20E001F25FC /* MegaCSP */,
			);
		};
/* End PBXProject section */

/* Begin PBXResourcesBuildPhase section */
		FBACBDEB21DFC20E001F25FC /* Resources */ = {
			isa = PBXResourcesBuildPhase;
			buildActionMask = 2147483647;
			files = (
				FBACBDFB21DFC235001F25FC /* LaunchScreen.storyboard in Resources */,
				FB5B406A21E8EFCF00034271 /* bucket18.csv in Resources */,
				FBACBDF821DFC235001F25FC /* Assets.xcassets in Resources */,
				FBACBDF621DFC20F001F25FC /* Main.storyboard in Resources */,
			);
			runOnlyForDeploymentPostprocessing = 0;
		};
/* End PBXResourcesBuildPhase section */

/* Begin PBXSourcesBuildPhase section */
		FBACBDE921DFC20E001F25FC /* Sources */ = {
			isa = PBXSourcesBuildPhase;
			buildActionMask = 2147483647;
			files = (
				FB5B406821E8EFAF00034271 /* BucketItemCell.swift in Sources */,
				FB1896C421E4F50C00847B33 /* DrawingView.swift in Sources */,
				FB74A5F421E7A5C900644CB6 /* ImpactViewController.swift in Sources */,
				FB5B406421E8EE7E00034271 /* DataViewController.swift in Sources */,
				FB1896BA21E4F3CD00847B33 /* AlgorithmViewController.swift in Sources */,
				FB1896BD21E4F3E300847B33 /* DrawingViewController.swift in Sources */,
				FB1896C221E4F40900847B33 /* AbstractionViewController.swift in Sources */,
				FB1896BE21E4F3E300847B33 /* ArtCollectionViewController.swift in Sources */,
				FBACBDF121DFC20F001F25FC /* AppDelegate.swift in Sources */,
				FB1896C621E4FA1700847B33 /* ArtCell.swift in Sources */,
				FB5B406621E8EF4600034271 /* BucketItem.swift in Sources */,
			);
			runOnlyForDeploymentPostprocessing = 0;
		};
/* End PBXSourcesBuildPhase section */

/* Begin PBXVariantGroup section */
		FBACBDF421DFC20F001F25FC /* Main.storyboard */ = {
			isa = PBXVariantGroup;
			children = (
				FBACBDF521DFC20F001F25FC /* Base */,
			);
			name = Main.storyboard;
			sourceTree = "<group>";
		};
		FBACBDF921DFC235001F25FC /* LaunchScreen.storyboard */ = {
			isa = PBXVariantGroup;
			children = (
				FBACBDFA21DFC235001F25FC /* Base */,
			);
			name = LaunchScreen.storyboard;
			sourceTree = "<group>";
		};
/* End PBXVariantGroup section */

/* Begin XCBuildConfiguration section */
		FBACBDFD21DFC235001F25FC /* Debug */ = {
			isa = XCBuildConfiguration;
			buildSettings = {
				ALWAYS_SEARCH_USER_PATHS = NO;
				CLANG_ANALYZER_NONNULL = YES;
				CLANG_ANALYZER_NUMBER_OBJECT_CONVERSION = YES_AGGRESSIVE;
				CLANG_CXX_LANGUAGE_STANDARD = "gnu++14";
				CLANG_CXX_LIBRARY = "libc++";
				CLANG_ENABLE_MODULES = YES;
				CLANG_ENABLE_OBJC_ARC = YES;
				CLANG_ENABLE_OBJC_WEAK = YES;
				CLANG_WARN_BLOCK_CAPTURE_AUTORELEASING = YES;
				CLANG_WARN_BOOL_CONVERSION = YES;
				CLANG_WARN_COMMA = YES;
				CLANG_WARN_CONSTANT_CONVERSION = YES;
				CLANG_WARN_DEPRECATED_OBJC_IMPLEMENTATIONS = YES;
				CLANG_WARN_DIRECT_OBJC_ISA_USAGE = YES_ERROR;
				CLANG_WARN_DOCUMENTATION_COMMENTS = YES;
				CLANG_WARN_EMPTY_BODY = YES;
				CLANG_WARN_ENUM_CONVERSION = YES;
				CLANG_WARN_INFINITE_RECURSION = YES;
				CLANG_WARN_INT_CONVERSION = YES;
				CLANG_WARN_NON_LITERAL_NULL_CONVERSION = YES;
				CLANG_WARN_OBJC_IMPLICIT_RETAIN_SELF = YES;
				CLANG_WARN_OBJC_LITERAL_CONVERSION = YES;
				CLANG_WARN_OBJC_ROOT_CLASS = YES_ERROR;
				CLANG_WARN_RANGE_LOOP_ANALYSIS = YES;
				CLANG_WARN_STRICT_PROTOTYPES = YES;
				CLANG_WARN_SUSPICIOUS_MOVE = YES;
				CLANG_WARN_UNGUARDED_AVAILABILITY = YES_AGGRESSIVE;
				CLANG_WARN_UNREACHABLE_CODE = YES;
				CLANG_WARN__DUPLICATE_METHOD_MATCH = YES;
				CODE_SIGN_IDENTITY = "iPhone Developer";
				COPY_PHASE_STRIP = NO;
				DEBUG_INFORMATION_FORMAT = dwarf;
				ENABLE_STRICT_OBJC_MSGSEND = YES;
				ENABLE_TESTABILITY = YES;
				GCC_C_LANGUAGE_STANDARD = gnu11;
				GCC_DYNAMIC_NO_PIC = NO;
				GCC_NO_COMMON_BLOCKS = YES;
				GCC_OPTIMIZATION_LEVEL = 0;
				GCC_PREPROCESSOR_DEFINITIONS = (
					"DEBUG=1",
					"$(inherited)",
				);
				GCC_WARN_64_TO_32_BIT_CONVERSION = YES;
				GCC_WARN_ABOUT_RETURN_TYPE = YES_ERROR;
				GCC_WARN_UNDECLARED_SELECTOR = YES;
				GCC_WARN_UNINITIALIZED_AUTOS = YES_AGGRESSIVE;
				GCC_WARN_UNUSED_FUNCTION = YES;
				GCC_WARN_UNUSED_VARIABLE = YES;
				IPHONEOS_DEPLOYMENT_TARGET = 12.0;
				MTL_ENABLE_DEBUG_INFO = INCLUDE_SOURCE;
				MTL_FAST_MATH = YES;
				ONLY_ACTIVE_ARCH = YES;
				SDKROOT = iphoneos;
				SWIFT_ACTIVE_COMPILATION_CONDITIONS = DEBUG;
				SWIFT_OPTIMIZATION_LEVEL = "-Onone";
			};
			name = Debug;
		};
		FBACBDFE21DFC235001F25FC /* Release */ = {
			isa = XCBuildConfiguration;
			buildSettings = {
				ALWAYS_SEARCH_USER_PATHS = NO;
				CLANG_ANALYZER_NONNULL = YES;
				CLANG_ANALYZER_NUMBER_OBJECT_CONVERSION = YES_AGGRESSIVE;
				CLANG_CXX_LANGUAGE_STANDARD = "gnu++14";
				CLANG_CXX_LIBRARY = "libc++";
				CLANG_ENABLE_MODULES = YES;
				CLANG_ENABLE_OBJC_ARC = YES;
				CLANG_ENABLE_OBJC_WEAK = YES;
				CLANG_WARN_BLOCK_CAPTURE_AUTORELEASING = YES;
				CLANG_WARN_BOOL_CONVERSION = YES;
				CLANG_WARN_COMMA = YES;
				CLANG_WARN_CONSTANT_CONVERSION = YES;
				CLANG_WARN_DEPRECATED_OBJC_IMPLEMENTATIONS = YES;
				CLANG_WARN_DIRECT_OBJC_ISA_USAGE = YES_ERROR;
				CLANG_WARN_DOCUMENTATION_COMMENTS = YES;
				CLANG_WARN_EMPTY_BODY = YES;
				CLANG_WARN_ENUM_CONVERSION = YES;
				CLANG_WARN_INFINITE_RECURSION = YES;
				CLANG_WARN_INT_CONVERSION = YES;
				CLANG_WARN_NON_LITERAL_NULL_CONVERSION = YES;
				CLANG_WARN_OBJC_IMPLICIT_RETAIN_SELF = YES;
				CLANG_WARN_OBJC_LITERAL_CONVERSION = YES;
				CLANG_WARN_OBJC_ROOT_CLASS = YES_ERROR;
				CLANG_WARN_RANGE_LOOP_ANALYSIS = YES;
				CLANG_WARN_STRICT_PROTOTYPES = YES;
				CLANG_WARN_SUSPICIOUS_MOVE = YES;
				CLANG_WARN_UNGUARDED_AVAILABILITY = YES_AGGRESSIVE;
				CLANG_WARN_UNREACHABLE_CODE = YES;
				CLANG_WARN__DUPLICATE_METHOD_MATCH = YES;
				CODE_SIGN_IDENTITY = "iPhone Developer";
				COPY_PHASE_STRIP = NO;
				DEBUG_INFORMATION_FORMAT = "dwarf-with-dsym";
				ENABLE_NS_ASSERTIONS = NO;
				ENABLE_STRICT_OBJC_MSGSEND = YES;
				GCC_C_LANGUAGE_STANDARD = gnu11;
				GCC_NO_COMMON_BLOCKS = YES;
				GCC_WARN_64_TO_32_BIT_CONVERSION = YES;
				GCC_WARN_ABOUT_RETURN_TYPE = YES_ERROR;
				GCC_WARN_UNDECLARED_SELECTOR = YES;
				GCC_WARN_UNINITIALIZED_AUTOS = YES_AGGRESSIVE;
				GCC_WARN_UNUSED_FUNCTION = YES;
				GCC_WARN_UNUSED_VARIABLE = YES;
				IPHONEOS_DEPLOYMENT_TARGET = 12.0;
				MTL_ENABLE_DEBUG_INFO = NO;
				MTL_FAST_MATH = YES;
				SDKROOT = iphoneos;
				SWIFT_COMPILATION_MODE = wholemodule;
				SWIFT_OPTIMIZATION_LEVEL = "-O";
				VALIDATE_PRODUCT = YES;
			};
			name = Release;
		};
		FBACBE0021DFC235001F25FC /* Debug */ = {
			isa = XCBuildConfiguration;
			buildSettings = {
				ASSETCATALOG_COMPILER_APPICON_NAME = AppIcon;
				CODE_SIGN_STYLE = Automatic;
				INFOPLIST_FILE = "$(SRCROOT)/MegaCSP/Resources/Info.plist";
				LD_RUNPATH_SEARCH_PATHS = (
					"$(inherited)",
					"@executable_path/Frameworks",
				);
				PRODUCT_BUNDLE_IDENTIFIER = CTECH.MegaCSP;
				PRODUCT_NAME = "$(TARGET_NAME)";
				SWIFT_VERSION = 4.2;
				TARGETED_DEVICE_FAMILY = "1,2";
			};
			name = Debug;
		};
		FBACBE0121DFC235001F25FC /* Release */ = {
			isa = XCBuildConfiguration;
			buildSettings = {
				ASSETCATALOG_COMPILER_APPICON_NAME = AppIcon;
				CODE_SIGN_STYLE = Automatic;
				INFOPLIST_FILE = "$(SRCROOT)/MegaCSP/Resources/Info.plist";
				LD_RUNPATH_SEARCH_PATHS = (
					"$(inherited)",
					"@executable_path/Frameworks",
				);
				PRODUCT_BUNDLE_IDENTIFIER = CTECH.MegaCSP;
				PRODUCT_NAME = "$(TARGET_NAME)";
				SWIFT_VERSION = 4.2;
				TARGETED_DEVICE_FAMILY = "1,2";
			};
			name = Release;
		};
/* End XCBuildConfiguration section */

/* Begin XCConfigurationList section */
		FBACBDE821DFC20D001F25FC /* Build configuration list for PBXProject "MegaCSP" */ = {
			isa = XCConfigurationList;
			buildConfigurations = (
				FBACBDFD21DFC235001F25FC /* Debug */,
				FBACBDFE21DFC235001F25FC /* Release */,
			);
			defaultConfigurationIsVisible = 0;
			defaultConfigurationName = Release;
		};
		FBACBDFF21DFC235001F25FC /* Build configuration list for PBXNativeTarget "MegaCSP" */ = {
			isa = XCConfigurationList;
			buildConfigurations = (
				FBACBE0021DFC235001F25FC /* Debug */,
				FBACBE0121DFC235001F25FC /* Release */,
			);
			defaultConfigurationIsVisible = 0;
			defaultConfigurationName = Release;
		};
/* End XCConfigurationList section */
	};
	rootObject = FBACBDE521DFC20D001F25FC /* Project object */;
}
